// !$*UTF8*$!
{
	archiveVersion = 1;
	classes = {
	};
	objectVersion = 50;
	objects = {

/* Begin PBXBuildFile section */
		7C366860256C6A4B002F8AFF /* Mapbox.framework in Frameworks */ = {isa = PBXBuildFile; fileRef = 7C8CE5F2256C4BDA00D13B24 /* Mapbox.framework */; };
		7C366861256C6A4B002F8AFF /* Mapbox.framework in Embed Frameworks */ = {isa = PBXBuildFile; fileRef = 7C8CE5F2256C4BDA00D13B24 /* Mapbox.framework */; settings = {ATTRIBUTES = (CodeSignOnCopy, RemoveHeadersOnCopy, ); }; };
		7C366863256C6A4D002F8AFF /* MapboxAccounts.framework in Frameworks */ = {isa = PBXBuildFile; fileRef = 7C8CE5F7256C4DCA00D13B24 /* MapboxAccounts.framework */; };
		7C366864256C6A4D002F8AFF /* MapboxAccounts.framework in Embed Frameworks */ = {isa = PBXBuildFile; fileRef = 7C8CE5F7256C4DCA00D13B24 /* MapboxAccounts.framework */; settings = {ATTRIBUTES = (CodeSignOnCopy, RemoveHeadersOnCopy, ); }; };
		7C366865256C6A4E002F8AFF /* MapboxCommon.framework in Frameworks */ = {isa = PBXBuildFile; fileRef = 7C8CE5F8256C4DCA00D13B24 /* MapboxCommon.framework */; };
		7C366866256C6A4E002F8AFF /* MapboxCommon.framework in Embed Frameworks */ = {isa = PBXBuildFile; fileRef = 7C8CE5F8256C4DCA00D13B24 /* MapboxCommon.framework */; settings = {ATTRIBUTES = (CodeSignOnCopy, RemoveHeadersOnCopy, ); }; };
		7C366867256C6A4F002F8AFF /* MapboxCoreNavigation.framework in Frameworks */ = {isa = PBXBuildFile; fileRef = 7C36684D256C5282002F8AFF /* MapboxCoreNavigation.framework */; };
		7C366868256C6A4F002F8AFF /* MapboxCoreNavigation.framework in Embed Frameworks */ = {isa = PBXBuildFile; fileRef = 7C36684D256C5282002F8AFF /* MapboxCoreNavigation.framework */; settings = {ATTRIBUTES = (CodeSignOnCopy, RemoveHeadersOnCopy, ); }; };
		7C366869256C6A51002F8AFF /* MapboxMobileEvents.framework in Frameworks */ = {isa = PBXBuildFile; fileRef = 7C8CE5F3256C4BDA00D13B24 /* MapboxMobileEvents.framework */; };
		7C36686A256C6A51002F8AFF /* MapboxMobileEvents.framework in Embed Frameworks */ = {isa = PBXBuildFile; fileRef = 7C8CE5F3256C4BDA00D13B24 /* MapboxMobileEvents.framework */; settings = {ATTRIBUTES = (CodeSignOnCopy, RemoveHeadersOnCopy, ); }; };
		7C36686B256C6A52002F8AFF /* MapboxNavigation.framework in Frameworks */ = {isa = PBXBuildFile; fileRef = 7C36684E256C5282002F8AFF /* MapboxNavigation.framework */; };
		7C36686C256C6A52002F8AFF /* MapboxNavigation.framework in Embed Frameworks */ = {isa = PBXBuildFile; fileRef = 7C36684E256C5282002F8AFF /* MapboxNavigation.framework */; settings = {ATTRIBUTES = (CodeSignOnCopy, RemoveHeadersOnCopy, ); }; };
		7C36686D256C6A53002F8AFF /* MapboxNavigationNative.framework in Frameworks */ = {isa = PBXBuildFile; fileRef = 7C8CE5F9256C4DCA00D13B24 /* MapboxNavigationNative.framework */; };
		7C36686E256C6A53002F8AFF /* MapboxNavigationNative.framework in Embed Frameworks */ = {isa = PBXBuildFile; fileRef = 7C8CE5F9256C4DCA00D13B24 /* MapboxNavigationNative.framework */; settings = {ATTRIBUTES = (CodeSignOnCopy, RemoveHeadersOnCopy, ); }; };
		7C366875256C6AD6002F8AFF /* MapboxDirections.framework in Frameworks */ = {isa = PBXBuildFile; fileRef = 7C366873256C6AC8002F8AFF /* MapboxDirections.framework */; };
		7C366876256C6AD6002F8AFF /* MapboxDirections.framework in Embed Frameworks */ = {isa = PBXBuildFile; fileRef = 7C366873256C6AC8002F8AFF /* MapboxDirections.framework */; settings = {ATTRIBUTES = (CodeSignOnCopy, RemoveHeadersOnCopy, ); }; };
		7C366883256C6B16002F8AFF /* MapboxSpeech.framework in Frameworks */ = {isa = PBXBuildFile; fileRef = 7C36687C256C6B0D002F8AFF /* MapboxSpeech.framework */; };
		7C366884256C6B16002F8AFF /* MapboxSpeech.framework in Embed Frameworks */ = {isa = PBXBuildFile; fileRef = 7C36687C256C6B0D002F8AFF /* MapboxSpeech.framework */; settings = {ATTRIBUTES = (CodeSignOnCopy, RemoveHeadersOnCopy, ); }; };
		7C366885256C6B17002F8AFF /* Polyline.framework in Frameworks */ = {isa = PBXBuildFile; fileRef = 7C36687D256C6B0E002F8AFF /* Polyline.framework */; };
		7C366886256C6B17002F8AFF /* Polyline.framework in Embed Frameworks */ = {isa = PBXBuildFile; fileRef = 7C36687D256C6B0E002F8AFF /* Polyline.framework */; settings = {ATTRIBUTES = (CodeSignOnCopy, RemoveHeadersOnCopy, ); }; };
		7C366887256C6B18002F8AFF /* Solar.framework in Frameworks */ = {isa = PBXBuildFile; fileRef = 7C36687B256C6B0D002F8AFF /* Solar.framework */; };
		7C366888256C6B18002F8AFF /* Solar.framework in Embed Frameworks */ = {isa = PBXBuildFile; fileRef = 7C36687B256C6B0D002F8AFF /* Solar.framework */; settings = {ATTRIBUTES = (CodeSignOnCopy, RemoveHeadersOnCopy, ); }; };
		7C366889256C6B19002F8AFF /* Turf.framework in Frameworks */ = {isa = PBXBuildFile; fileRef = 7C36687E256C6B0E002F8AFF /* Turf.framework */; };
		7C36688A256C6B19002F8AFF /* Turf.framework in Embed Frameworks */ = {isa = PBXBuildFile; fileRef = 7C36687E256C6B0E002F8AFF /* Turf.framework */; settings = {ATTRIBUTES = (CodeSignOnCopy, RemoveHeadersOnCopy, ); }; };
		7C8CE5C0256C489400D13B24 /* AppDelegate.swift in Sources */ = {isa = PBXBuildFile; fileRef = 7C8CE5BF256C489400D13B24 /* AppDelegate.swift */; };
		7C8CE5C2256C489400D13B24 /* SceneDelegate.swift in Sources */ = {isa = PBXBuildFile; fileRef = 7C8CE5C1256C489400D13B24 /* SceneDelegate.swift */; };
		7C8CE5C4256C489400D13B24 /* ViewController.swift in Sources */ = {isa = PBXBuildFile; fileRef = 7C8CE5C3256C489400D13B24 /* ViewController.swift */; };
		7C8CE5C7256C489400D13B24 /* Main.storyboard in Resources */ = {isa = PBXBuildFile; fileRef = 7C8CE5C5256C489400D13B24 /* Main.storyboard */; };
		7C8CE5C9256C489500D13B24 /* Assets.xcassets in Resources */ = {isa = PBXBuildFile; fileRef = 7C8CE5C8256C489500D13B24 /* Assets.xcassets */; };
		7C8CE5CC256C489500D13B24 /* LaunchScreen.storyboard in Resources */ = {isa = PBXBuildFile; fileRef = 7C8CE5CA256C489500D13B24 /* LaunchScreen.storyboard */; };
		7C8CE5D7256C489500D13B24 /* route_runnerTests.swift in Sources */ = {isa = PBXBuildFile; fileRef = 7C8CE5D6256C489500D13B24 /* route_runnerTests.swift */; };
		7C8CE5E2256C489500D13B24 /* route_runnerUITests.swift in Sources */ = {isa = PBXBuildFile; fileRef = 7C8CE5E1256C489500D13B24 /* route_runnerUITests.swift */; };
/* End PBXBuildFile section */

/* Begin PBXContainerItemProxy section */
		7C8CE5D3256C489500D13B24 /* PBXContainerItemProxy */ = {
			isa = PBXContainerItemProxy;
			containerPortal = 7C8CE5B4256C489400D13B24 /* Project object */;
			proxyType = 1;
			remoteGlobalIDString = 7C8CE5BB256C489400D13B24;
			remoteInfo = "route-runner";
		};
		7C8CE5DE256C489500D13B24 /* PBXContainerItemProxy */ = {
			isa = PBXContainerItemProxy;
			containerPortal = 7C8CE5B4256C489400D13B24 /* Project object */;
			proxyType = 1;
			remoteGlobalIDString = 7C8CE5BB256C489400D13B24;
			remoteInfo = "route-runner";
		};
/* End PBXContainerItemProxy section */

/* Begin PBXCopyFilesBuildPhase section */
		7C366862256C6A4C002F8AFF /* Embed Frameworks */ = {
			isa = PBXCopyFilesBuildPhase;
			buildActionMask = 2147483647;
			dstPath = "";
			dstSubfolderSpec = 10;
			files = (
				7C366866256C6A4E002F8AFF /* MapboxCommon.framework in Embed Frameworks */,
				7C366888256C6B18002F8AFF /* Solar.framework in Embed Frameworks */,
				7C366876256C6AD6002F8AFF /* MapboxDirections.framework in Embed Frameworks */,
				7C36688A256C6B19002F8AFF /* Turf.framework in Embed Frameworks */,
				7C36686A256C6A51002F8AFF /* MapboxMobileEvents.framework in Embed Frameworks */,
				7C366861256C6A4B002F8AFF /* Mapbox.framework in Embed Frameworks */,
				7C36686C256C6A52002F8AFF /* MapboxNavigation.framework in Embed Frameworks */,
				7C366868256C6A4F002F8AFF /* MapboxCoreNavigation.framework in Embed Frameworks */,
				7C366886256C6B17002F8AFF /* Polyline.framework in Embed Frameworks */,
				7C366864256C6A4D002F8AFF /* MapboxAccounts.framework in Embed Frameworks */,
				7C36686E256C6A53002F8AFF /* MapboxNavigationNative.framework in Embed Frameworks */,
				7C366884256C6B16002F8AFF /* MapboxSpeech.framework in Embed Frameworks */,
			);
			name = "Embed Frameworks";
			runOnlyForDeploymentPostprocessing = 0;
		};
/* End PBXCopyFilesBuildPhase section */

/* Begin PBXFileReference section */
		7C36684D256C5282002F8AFF /* MapboxCoreNavigation.framework */ = {isa = PBXFileReference; lastKnownFileType = wrapper.framework; name = MapboxCoreNavigation.framework; path = Carthage/Build/iOS/MapboxCoreNavigation.framework; sourceTree = "<group>"; };
		7C36684E256C5282002F8AFF /* MapboxNavigation.framework */ = {isa = PBXFileReference; lastKnownFileType = wrapper.framework; name = MapboxNavigation.framework; path = Carthage/Build/iOS/MapboxNavigation.framework; sourceTree = "<group>"; };
		7C366873256C6AC8002F8AFF /* MapboxDirections.framework */ = {isa = PBXFileReference; lastKnownFileType = wrapper.framework; name = MapboxDirections.framework; path = Carthage/Build/iOS/MapboxDirections.framework; sourceTree = "<group>"; };
		7C36687B256C6B0D002F8AFF /* Solar.framework */ = {isa = PBXFileReference; lastKnownFileType = wrapper.framework; name = Solar.framework; path = Carthage/Build/iOS/Solar.framework; sourceTree = "<group>"; };
		7C36687C256C6B0D002F8AFF /* MapboxSpeech.framework */ = {isa = PBXFileReference; lastKnownFileType = wrapper.framework; name = MapboxSpeech.framework; path = Carthage/Build/iOS/MapboxSpeech.framework; sourceTree = "<group>"; };
		7C36687D256C6B0E002F8AFF /* Polyline.framework */ = {isa = PBXFileReference; lastKnownFileType = wrapper.framework; name = Polyline.framework; path = Carthage/Build/iOS/Polyline.framework; sourceTree = "<group>"; };
		7C36687E256C6B0E002F8AFF /* Turf.framework */ = {isa = PBXFileReference; lastKnownFileType = wrapper.framework; name = Turf.framework; path = Carthage/Build/iOS/Turf.framework; sourceTree = "<group>"; };
		7C8CE5BC256C489400D13B24 /* route-runner.app */ = {isa = PBXFileReference; explicitFileType = wrapper.application; includeInIndex = 0; path = "route-runner.app"; sourceTree = BUILT_PRODUCTS_DIR; };
		7C8CE5BF256C489400D13B24 /* AppDelegate.swift */ = {isa = PBXFileReference; lastKnownFileType = sourcecode.swift; path = AppDelegate.swift; sourceTree = "<group>"; };
		7C8CE5C1256C489400D13B24 /* SceneDelegate.swift */ = {isa = PBXFileReference; lastKnownFileType = sourcecode.swift; path = SceneDelegate.swift; sourceTree = "<group>"; };
		7C8CE5C3256C489400D13B24 /* ViewController.swift */ = {isa = PBXFileReference; lastKnownFileType = sourcecode.swift; path = ViewController.swift; sourceTree = "<group>"; };
		7C8CE5C6256C489400D13B24 /* Base */ = {isa = PBXFileReference; lastKnownFileType = file.storyboard; name = Base; path = Base.lproj/Main.storyboard; sourceTree = "<group>"; };
		7C8CE5C8256C489500D13B24 /* Assets.xcassets */ = {isa = PBXFileReference; lastKnownFileType = folder.assetcatalog; path = Assets.xcassets; sourceTree = "<group>"; };
		7C8CE5CB256C489500D13B24 /* Base */ = {isa = PBXFileReference; lastKnownFileType = file.storyboard; name = Base; path = Base.lproj/LaunchScreen.storyboard; sourceTree = "<group>"; };
		7C8CE5CD256C489500D13B24 /* Info.plist */ = {isa = PBXFileReference; lastKnownFileType = text.plist.xml; path = Info.plist; sourceTree = "<group>"; };
		7C8CE5D2256C489500D13B24 /* route-runnerTests.xctest */ = {isa = PBXFileReference; explicitFileType = wrapper.cfbundle; includeInIndex = 0; path = "route-runnerTests.xctest"; sourceTree = BUILT_PRODUCTS_DIR; };
		7C8CE5D6256C489500D13B24 /* route_runnerTests.swift */ = {isa = PBXFileReference; lastKnownFileType = sourcecode.swift; path = route_runnerTests.swift; sourceTree = "<group>"; };
		7C8CE5D8256C489500D13B24 /* Info.plist */ = {isa = PBXFileReference; lastKnownFileType = text.plist.xml; path = Info.plist; sourceTree = "<group>"; };
		7C8CE5DD256C489500D13B24 /* route-runnerUITests.xctest */ = {isa = PBXFileReference; explicitFileType = wrapper.cfbundle; includeInIndex = 0; path = "route-runnerUITests.xctest"; sourceTree = BUILT_PRODUCTS_DIR; };
		7C8CE5E1256C489500D13B24 /* route_runnerUITests.swift */ = {isa = PBXFileReference; lastKnownFileType = sourcecode.swift; path = route_runnerUITests.swift; sourceTree = "<group>"; };
		7C8CE5E3256C489500D13B24 /* Info.plist */ = {isa = PBXFileReference; lastKnownFileType = text.plist.xml; path = Info.plist; sourceTree = "<group>"; };
		7C8CE5F2256C4BDA00D13B24 /* Mapbox.framework */ = {isa = PBXFileReference; lastKnownFileType = wrapper.framework; name = Mapbox.framework; path = Carthage/Build/iOS/Mapbox.framework; sourceTree = "<group>"; };
		7C8CE5F3256C4BDA00D13B24 /* MapboxMobileEvents.framework */ = {isa = PBXFileReference; lastKnownFileType = wrapper.framework; name = MapboxMobileEvents.framework; path = Carthage/Build/iOS/MapboxMobileEvents.framework; sourceTree = "<group>"; };
		7C8CE5F7256C4DCA00D13B24 /* MapboxAccounts.framework */ = {isa = PBXFileReference; lastKnownFileType = wrapper.framework; name = MapboxAccounts.framework; path = Carthage/Build/iOS/MapboxAccounts.framework; sourceTree = "<group>"; };
		7C8CE5F8256C4DCA00D13B24 /* MapboxCommon.framework */ = {isa = PBXFileReference; lastKnownFileType = wrapper.framework; name = MapboxCommon.framework; path = Carthage/Build/iOS/MapboxCommon.framework; sourceTree = "<group>"; };
		7C8CE5F9256C4DCA00D13B24 /* MapboxNavigationNative.framework */ = {isa = PBXFileReference; lastKnownFileType = wrapper.framework; name = MapboxNavigationNative.framework; path = Carthage/Build/iOS/MapboxNavigationNative.framework; sourceTree = "<group>"; };
/* End PBXFileReference section */

/* Begin PBXFrameworksBuildPhase section */
		7C8CE5B9256C489400D13B24 /* Frameworks */ = {
			isa = PBXFrameworksBuildPhase;
			buildActionMask = 2147483647;
			files = (
				7C366860256C6A4B002F8AFF /* Mapbox.framework in Frameworks */,
				7C366875256C6AD6002F8AFF /* MapboxDirections.framework in Frameworks */,
				7C366867256C6A4F002F8AFF /* MapboxCoreNavigation.framework in Frameworks */,
				7C366889256C6B19002F8AFF /* Turf.framework in Frameworks */,
				7C366887256C6B18002F8AFF /* Solar.framework in Frameworks */,
				7C366883256C6B16002F8AFF /* MapboxSpeech.framework in Frameworks */,
				7C36686B256C6A52002F8AFF /* MapboxNavigation.framework in Frameworks */,
				7C366885256C6B17002F8AFF /* Polyline.framework in Frameworks */,
				7C366865256C6A4E002F8AFF /* MapboxCommon.framework in Frameworks */,
				7C366869256C6A51002F8AFF /* MapboxMobileEvents.framework in Frameworks */,
				7C366863256C6A4D002F8AFF /* MapboxAccounts.framework in Frameworks */,
				7C36686D256C6A53002F8AFF /* MapboxNavigationNative.framework in Frameworks */,
			);
			runOnlyForDeploymentPostprocessing = 0;
		};
		7C8CE5CF256C489500D13B24 /* Frameworks */ = {
			isa = PBXFrameworksBuildPhase;
			buildActionMask = 2147483647;
			files = (
			);
			runOnlyForDeploymentPostprocessing = 0;
		};
		7C8CE5DA256C489500D13B24 /* Frameworks */ = {
			isa = PBXFrameworksBuildPhase;
			buildActionMask = 2147483647;
			files = (
			);
			runOnlyForDeploymentPostprocessing = 0;
		};
/* End PBXFrameworksBuildPhase section */

/* Begin PBXGroup section */
		7C8CE5B3256C489400D13B24 = {
			isa = PBXGroup;
			children = (
				7C36687C256C6B0D002F8AFF /* MapboxSpeech.framework */,
				7C36687D256C6B0E002F8AFF /* Polyline.framework */,
				7C36687B256C6B0D002F8AFF /* Solar.framework */,
				7C36687E256C6B0E002F8AFF /* Turf.framework */,
				7C366873256C6AC8002F8AFF /* MapboxDirections.framework */,
				7C36684D256C5282002F8AFF /* MapboxCoreNavigation.framework */,
				7C36684E256C5282002F8AFF /* MapboxNavigation.framework */,
				7C8CE5F7256C4DCA00D13B24 /* MapboxAccounts.framework */,
				7C8CE5F8256C4DCA00D13B24 /* MapboxCommon.framework */,
				7C8CE5F9256C4DCA00D13B24 /* MapboxNavigationNative.framework */,
				7C8CE5F2256C4BDA00D13B24 /* Mapbox.framework */,
				7C8CE5F3256C4BDA00D13B24 /* MapboxMobileEvents.framework */,
				7C8CE5BE256C489400D13B24 /* route-runner */,
				7C8CE5D5256C489500D13B24 /* route-runnerTests */,
				7C8CE5E0256C489500D13B24 /* route-runnerUITests */,
				7C8CE5BD256C489400D13B24 /* Products */,
			);
			sourceTree = "<group>";
		};
		7C8CE5BD256C489400D13B24 /* Products */ = {
			isa = PBXGroup;
			children = (
				7C8CE5BC256C489400D13B24 /* route-runner.app */,
				7C8CE5D2256C489500D13B24 /* route-runnerTests.xctest */,
				7C8CE5DD256C489500D13B24 /* route-runnerUITests.xctest */,
			);
			name = Products;
			sourceTree = "<group>";
		};
		7C8CE5BE256C489400D13B24 /* route-runner */ = {
			isa = PBXGroup;
			children = (
				7C8CE5BF256C489400D13B24 /* AppDelegate.swift */,
				7C8CE5C1256C489400D13B24 /* SceneDelegate.swift */,
				7C8CE5C3256C489400D13B24 /* ViewController.swift */,
				7C8CE5C5256C489400D13B24 /* Main.storyboard */,
				7C8CE5C8256C489500D13B24 /* Assets.xcassets */,
				7C8CE5CA256C489500D13B24 /* LaunchScreen.storyboard */,
				7C8CE5CD256C489500D13B24 /* Info.plist */,
			);
			path = "route-runner";
			sourceTree = "<group>";
		};
		7C8CE5D5256C489500D13B24 /* route-runnerTests */ = {
			isa = PBXGroup;
			children = (
				7C8CE5D6256C489500D13B24 /* route_runnerTests.swift */,
				7C8CE5D8256C489500D13B24 /* Info.plist */,
			);
			path = "route-runnerTests";
			sourceTree = "<group>";
		};
		7C8CE5E0256C489500D13B24 /* route-runnerUITests */ = {
			isa = PBXGroup;
			children = (
				7C8CE5E1256C489500D13B24 /* route_runnerUITests.swift */,
				7C8CE5E3256C489500D13B24 /* Info.plist */,
			);
			path = "route-runnerUITests";
			sourceTree = "<group>";
		};
/* End PBXGroup section */

/* Begin PBXNativeTarget section */
		7C8CE5BB256C489400D13B24 /* route-runner */ = {
			isa = PBXNativeTarget;
			buildConfigurationList = 7C8CE5E6256C489500D13B24 /* Build configuration list for PBXNativeTarget "route-runner" */;
			buildPhases = (
				7C8CE5B8256C489400D13B24 /* Sources */,
				7C8CE5B9256C489400D13B24 /* Frameworks */,
				7C8CE5BA256C489400D13B24 /* Resources */,
				7C8CE5F6256C4C3F00D13B24 /* ShellScript */,
				7C366862256C6A4C002F8AFF /* Embed Frameworks */,
			);
			buildRules = (
			);
			dependencies = (
			);
			name = "route-runner";
			productName = "route-runner";
			productReference = 7C8CE5BC256C489400D13B24 /* route-runner.app */;
			productType = "com.apple.product-type.application";
		};
		7C8CE5D1256C489500D13B24 /* route-runnerTests */ = {
			isa = PBXNativeTarget;
			buildConfigurationList = 7C8CE5E9256C489500D13B24 /* Build configuration list for PBXNativeTarget "route-runnerTests" */;
			buildPhases = (
				7C8CE5CE256C489500D13B24 /* Sources */,
				7C8CE5CF256C489500D13B24 /* Frameworks */,
				7C8CE5D0256C489500D13B24 /* Resources */,
			);
			buildRules = (
			);
			dependencies = (
				7C8CE5D4256C489500D13B24 /* PBXTargetDependency */,
			);
			name = "route-runnerTests";
			productName = "route-runnerTests";
			productReference = 7C8CE5D2256C489500D13B24 /* route-runnerTests.xctest */;
			productType = "com.apple.product-type.bundle.unit-test";
		};
		7C8CE5DC256C489500D13B24 /* route-runnerUITests */ = {
			isa = PBXNativeTarget;
			buildConfigurationList = 7C8CE5EC256C489500D13B24 /* Build configuration list for PBXNativeTarget "route-runnerUITests" */;
			buildPhases = (
				7C8CE5D9256C489500D13B24 /* Sources */,
				7C8CE5DA256C489500D13B24 /* Frameworks */,
				7C8CE5DB256C489500D13B24 /* Resources */,
			);
			buildRules = (
			);
			dependencies = (
				7C8CE5DF256C489500D13B24 /* PBXTargetDependency */,
			);
			name = "route-runnerUITests";
			productName = "route-runnerUITests";
			productReference = 7C8CE5DD256C489500D13B24 /* route-runnerUITests.xctest */;
			productType = "com.apple.product-type.bundle.ui-testing";
		};
/* End PBXNativeTarget section */

/* Begin PBXProject section */
		7C8CE5B4256C489400D13B24 /* Project object */ = {
			isa = PBXProject;
			attributes = {
				LastSwiftUpdateCheck = 1220;
				LastUpgradeCheck = 1220;
				TargetAttributes = {
					7C8CE5BB256C489400D13B24 = {
						CreatedOnToolsVersion = 12.2;
					};
					7C8CE5D1256C489500D13B24 = {
						CreatedOnToolsVersion = 12.2;
						TestTargetID = 7C8CE5BB256C489400D13B24;
					};
					7C8CE5DC256C489500D13B24 = {
						CreatedOnToolsVersion = 12.2;
						TestTargetID = 7C8CE5BB256C489400D13B24;
					};
				};
			};
			buildConfigurationList = 7C8CE5B7256C489400D13B24 /* Build configuration list for PBXProject "route-runner" */;
			compatibilityVersion = "Xcode 9.3";
			developmentRegion = en;
			hasScannedForEncodings = 0;
			knownRegions = (
				en,
				Base,
			);
			mainGroup = 7C8CE5B3256C489400D13B24;
			productRefGroup = 7C8CE5BD256C489400D13B24 /* Products */;
			projectDirPath = "";
			projectRoot = "";
			targets = (
				7C8CE5BB256C489400D13B24 /* route-runner */,
				7C8CE5D1256C489500D13B24 /* route-runnerTests */,
				7C8CE5DC256C489500D13B24 /* route-runnerUITests */,
			);
		};
/* End PBXProject section */

/* Begin PBXResourcesBuildPhase section */
		7C8CE5BA256C489400D13B24 /* Resources */ = {
			isa = PBXResourcesBuildPhase;
			buildActionMask = 2147483647;
			files = (
				7C8CE5CC256C489500D13B24 /* LaunchScreen.storyboard in Resources */,
				7C8CE5C9256C489500D13B24 /* Assets.xcassets in Resources */,
				7C8CE5C7256C489400D13B24 /* Main.storyboard in Resources */,
			);
			runOnlyForDeploymentPostprocessing = 0;
		};
		7C8CE5D0256C489500D13B24 /* Resources */ = {
			isa = PBXResourcesBuildPhase;
			buildActionMask = 2147483647;
			files = (
			);
			runOnlyForDeploymentPostprocessing = 0;
		};
		7C8CE5DB256C489500D13B24 /* Resources */ = {
			isa = PBXResourcesBuildPhase;
			buildActionMask = 2147483647;
			files = (
			);
			runOnlyForDeploymentPostprocessing = 0;
		};
/* End PBXResourcesBuildPhase section */

/* Begin PBXShellScriptBuildPhase section */
		7C8CE5F6256C4C3F00D13B24 /* ShellScript */ = {
			isa = PBXShellScriptBuildPhase;
			buildActionMask = 2147483647;
			files = (
			);
			inputFileListPaths = (
			);
			inputPaths = (
			);
			outputFileListPaths = (
			);
			outputPaths = (
			);
			runOnlyForDeploymentPostprocessing = 0;
			shellPath = /bin/sh;
			shellScript = "/usr/local/bin/carthage copy-frameworks\n";
		};
/* End PBXShellScriptBuildPhase section */

/* Begin PBXSourcesBuildPhase section */
		7C8CE5B8256C489400D13B24 /* Sources */ = {
			isa = PBXSourcesBuildPhase;
			buildActionMask = 2147483647;
			files = (
				7C8CE5C4256C489400D13B24 /* ViewController.swift in Sources */,
				7C8CE5C0256C489400D13B24 /* AppDelegate.swift in Sources */,
				7C8CE5C2256C489400D13B24 /* SceneDelegate.swift in Sources */,
			);
			runOnlyForDeploymentPostprocessing = 0;
		};
		7C8CE5CE256C489500D13B24 /* Sources */ = {
			isa = PBXSourcesBuildPhase;
			buildActionMask = 2147483647;
			files = (
				7C8CE5D7256C489500D13B24 /* route_runnerTests.swift in Sources */,
			);
			runOnlyForDeploymentPostprocessing = 0;
		};
		7C8CE5D9256C489500D13B24 /* Sources */ = {
			isa = PBXSourcesBuildPhase;
			buildActionMask = 2147483647;
			files = (
				7C8CE5E2256C489500D13B24 /* route_runnerUITests.swift in Sources */,
			);
			runOnlyForDeploymentPostprocessing = 0;
		};
/* End PBXSourcesBuildPhase section */

/* Begin PBXTargetDependency section */
		7C8CE5D4256C489500D13B24 /* PBXTargetDependency */ = {
			isa = PBXTargetDependency;
			target = 7C8CE5BB256C489400D13B24 /* route-runner */;
			targetProxy = 7C8CE5D3256C489500D13B24 /* PBXContainerItemProxy */;
		};
		7C8CE5DF256C489500D13B24 /* PBXTargetDependency */ = {
			isa = PBXTargetDependency;
			target = 7C8CE5BB256C489400D13B24 /* route-runner */;
			targetProxy = 7C8CE5DE256C489500D13B24 /* PBXContainerItemProxy */;
		};
/* End PBXTargetDependency section */

/* Begin PBXVariantGroup section */
		7C8CE5C5256C489400D13B24 /* Main.storyboard */ = {
			isa = PBXVariantGroup;
			children = (
				7C8CE5C6256C489400D13B24 /* Base */,
			);
			name = Main.storyboard;
			sourceTree = "<group>";
		};
		7C8CE5CA256C489500D13B24 /* LaunchScreen.storyboard */ = {
			isa = PBXVariantGroup;
			children = (
				7C8CE5CB256C489500D13B24 /* Base */,
			);
			name = LaunchScreen.storyboard;
			sourceTree = "<group>";
		};
/* End PBXVariantGroup section */

/* Begin XCBuildConfiguration section */
		7C8CE5E4256C489500D13B24 /* Debug */ = {
			isa = XCBuildConfiguration;
			buildSettings = {
				ALWAYS_SEARCH_USER_PATHS = NO;
				CLANG_ANALYZER_NONNULL = YES;
				CLANG_ANALYZER_NUMBER_OBJECT_CONVERSION = YES_AGGRESSIVE;
				CLANG_CXX_LANGUAGE_STANDARD = "gnu++14";
				CLANG_CXX_LIBRARY = "libc++";
				CLANG_ENABLE_MODULES = YES;
				CLANG_ENABLE_OBJC_ARC = YES;
				CLANG_ENABLE_OBJC_WEAK = YES;
				CLANG_WARN_BLOCK_CAPTURE_AUTORELEASING = YES;
				CLANG_WARN_BOOL_CONVERSION = YES;
				CLANG_WARN_COMMA = YES;
				CLANG_WARN_CONSTANT_CONVERSION = YES;
				CLANG_WARN_DEPRECATED_OBJC_IMPLEMENTATIONS = YES;
				CLANG_WARN_DIRECT_OBJC_ISA_USAGE = YES_ERROR;
				CLANG_WARN_DOCUMENTATION_COMMENTS = YES;
				CLANG_WARN_EMPTY_BODY = YES;
				CLANG_WARN_ENUM_CONVERSION = YES;
				CLANG_WARN_INFINITE_RECURSION = YES;
				CLANG_WARN_INT_CONVERSION = YES;
				CLANG_WARN_NON_LITERAL_NULL_CONVERSION = YES;
				CLANG_WARN_OBJC_IMPLICIT_RETAIN_SELF = YES;
				CLANG_WARN_OBJC_LITERAL_CONVERSION = YES;
				CLANG_WARN_OBJC_ROOT_CLASS = YES_ERROR;
				CLANG_WARN_QUOTED_INCLUDE_IN_FRAMEWORK_HEADER = YES;
				CLANG_WARN_RANGE_LOOP_ANALYSIS = YES;
				CLANG_WARN_STRICT_PROTOTYPES = YES;
				CLANG_WARN_SUSPICIOUS_MOVE = YES;
				CLANG_WARN_UNGUARDED_AVAILABILITY = YES_AGGRESSIVE;
				CLANG_WARN_UNREACHABLE_CODE = YES;
				CLANG_WARN__DUPLICATE_METHOD_MATCH = YES;
				COPY_PHASE_STRIP = NO;
				DEBUG_INFORMATION_FORMAT = dwarf;
				ENABLE_STRICT_OBJC_MSGSEND = YES;
				ENABLE_TESTABILITY = YES;
				GCC_C_LANGUAGE_STANDARD = gnu11;
				GCC_DYNAMIC_NO_PIC = NO;
				GCC_NO_COMMON_BLOCKS = YES;
				GCC_OPTIMIZATION_LEVEL = 0;
				GCC_PREPROCESSOR_DEFINITIONS = (
					"DEBUG=1",
					"$(inherited)",
				);
				GCC_WARN_64_TO_32_BIT_CONVERSION = YES;
				GCC_WARN_ABOUT_RETURN_TYPE = YES_ERROR;
				GCC_WARN_UNDECLARED_SELECTOR = YES;
				GCC_WARN_UNINITIALIZED_AUTOS = YES_AGGRESSIVE;
				GCC_WARN_UNUSED_FUNCTION = YES;
				GCC_WARN_UNUSED_VARIABLE = YES;
				IPHONEOS_DEPLOYMENT_TARGET = 14.2;
				MTL_ENABLE_DEBUG_INFO = INCLUDE_SOURCE;
				MTL_FAST_MATH = YES;
				ONLY_ACTIVE_ARCH = YES;
				SDKROOT = iphoneos;
				SWIFT_ACTIVE_COMPILATION_CONDITIONS = DEBUG;
				SWIFT_OPTIMIZATION_LEVEL = "-Onone";
			};
			name = Debug;
		};
		7C8CE5E5256C489500D13B24 /* Release */ = {
			isa = XCBuildConfiguration;
			buildSettings = {
				ALWAYS_SEARCH_USER_PATHS = NO;
				CLANG_ANALYZER_NONNULL = YES;
				CLANG_ANALYZER_NUMBER_OBJECT_CONVERSION = YES_AGGRESSIVE;
				CLANG_CXX_LANGUAGE_STANDARD = "gnu++14";
				CLANG_CXX_LIBRARY = "libc++";
				CLANG_ENABLE_MODULES = YES;
				CLANG_ENABLE_OBJC_ARC = YES;
				CLANG_ENABLE_OBJC_WEAK = YES;
				CLANG_WARN_BLOCK_CAPTURE_AUTORELEASING = YES;
				CLANG_WARN_BOOL_CONVERSION = YES;
				CLANG_WARN_COMMA = YES;
				CLANG_WARN_CONSTANT_CONVERSION = YES;
				CLANG_WARN_DEPRECATED_OBJC_IMPLEMENTATIONS = YES;
				CLANG_WARN_DIRECT_OBJC_ISA_USAGE = YES_ERROR;
				CLANG_WARN_DOCUMENTATION_COMMENTS = YES;
				CLANG_WARN_EMPTY_BODY = YES;
				CLANG_WARN_ENUM_CONVERSION = YES;
				CLANG_WARN_INFINITE_RECURSION = YES;
				CLANG_WARN_INT_CONVERSION = YES;
				CLANG_WARN_NON_LITERAL_NULL_CONVERSION = YES;
				CLANG_WARN_OBJC_IMPLICIT_RETAIN_SELF = YES;
				CLANG_WARN_OBJC_LITERAL_CONVERSION = YES;
				CLANG_WARN_OBJC_ROOT_CLASS = YES_ERROR;
				CLANG_WARN_QUOTED_INCLUDE_IN_FRAMEWORK_HEADER = YES;
				CLANG_WARN_RANGE_LOOP_ANALYSIS = YES;
				CLANG_WARN_STRICT_PROTOTYPES = YES;
				CLANG_WARN_SUSPICIOUS_MOVE = YES;
				CLANG_WARN_UNGUARDED_AVAILABILITY = YES_AGGRESSIVE;
				CLANG_WARN_UNREACHABLE_CODE = YES;
				CLANG_WARN__DUPLICATE_METHOD_MATCH = YES;
				COPY_PHASE_STRIP = NO;
				DEBUG_INFORMATION_FORMAT = "dwarf-with-dsym";
				ENABLE_NS_ASSERTIONS = NO;
				ENABLE_STRICT_OBJC_MSGSEND = YES;
				GCC_C_LANGUAGE_STANDARD = gnu11;
				GCC_NO_COMMON_BLOCKS = YES;
				GCC_WARN_64_TO_32_BIT_CONVERSION = YES;
				GCC_WARN_ABOUT_RETURN_TYPE = YES_ERROR;
				GCC_WARN_UNDECLARED_SELECTOR = YES;
				GCC_WARN_UNINITIALIZED_AUTOS = YES_AGGRESSIVE;
				GCC_WARN_UNUSED_FUNCTION = YES;
				GCC_WARN_UNUSED_VARIABLE = YES;
				IPHONEOS_DEPLOYMENT_TARGET = 14.2;
				MTL_ENABLE_DEBUG_INFO = NO;
				MTL_FAST_MATH = YES;
				SDKROOT = iphoneos;
				SWIFT_COMPILATION_MODE = wholemodule;
				SWIFT_OPTIMIZATION_LEVEL = "-O";
				VALIDATE_PRODUCT = YES;
			};
			name = Release;
		};
		7C8CE5E7256C489500D13B24 /* Debug */ = {
			isa = XCBuildConfiguration;
			buildSettings = {
				ASSETCATALOG_COMPILER_APPICON_NAME = AppIcon;
				ASSETCATALOG_COMPILER_GLOBAL_ACCENT_COLOR_NAME = AccentColor;
				CODE_SIGN_STYLE = Automatic;
				DEVELOPMENT_TEAM = 5VLQKGQ78S;
				FRAMEWORK_SEARCH_PATHS = (
					"$(inherited)",
					"$(PROJECT_DIR)/Carthage/Build/iOS",
				);
				INFOPLIST_FILE = "route-runner/Info.plist";
				LD_RUNPATH_SEARCH_PATHS = (
					"$(inherited)",
					"@executable_path/Frameworks",
				);
				PRODUCT_BUNDLE_IDENTIFIER = "com.cameronriu.route-runner";
				PRODUCT_NAME = "$(TARGET_NAME)";
				SWIFT_VERSION = 5.0;
				TARGETED_DEVICE_FAMILY = "1,2";
			};
			name = Debug;
		};
		7C8CE5E8256C489500D13B24 /* Release */ = {
			isa = XCBuildConfiguration;
			buildSettings = {
				ASSETCATALOG_COMPILER_APPICON_NAME = AppIcon;
				ASSETCATALOG_COMPILER_GLOBAL_ACCENT_COLOR_NAME = AccentColor;
				CODE_SIGN_STYLE = Automatic;
				DEVELOPMENT_TEAM = 5VLQKGQ78S;
				FRAMEWORK_SEARCH_PATHS = (
					"$(inherited)",
					"$(PROJECT_DIR)/Carthage/Build/iOS",
				);
				INFOPLIST_FILE = "route-runner/Info.plist";
				LD_RUNPATH_SEARCH_PATHS = (
					"$(inherited)",
					"@executable_path/Frameworks",
				);
				PRODUCT_BUNDLE_IDENTIFIER = "com.cameronriu.route-runner";
				PRODUCT_NAME = "$(TARGET_NAME)";
				SWIFT_VERSION = 5.0;
				TARGETED_DEVICE_FAMILY = "1,2";
			};
			name = Release;
		};
		7C8CE5EA256C489500D13B24 /* Debug */ = {
			isa = XCBuildConfiguration;
			buildSettings = {
				ALWAYS_EMBED_SWIFT_STANDARD_LIBRARIES = YES;
				BUNDLE_LOADER = "$(TEST_HOST)";
				CODE_SIGN_STYLE = Automatic;
				DEVELOPMENT_TEAM = 5VLQKGQ78S;
				INFOPLIST_FILE = "route-runnerTests/Info.plist";
				IPHONEOS_DEPLOYMENT_TARGET = 14.2;
				LD_RUNPATH_SEARCH_PATHS = (
					"$(inherited)",
					"@executable_path/Frameworks",
					"@loader_path/Frameworks",
				);
				PRODUCT_BUNDLE_IDENTIFIER = "com.cameronriu.route-runnerTests";
				PRODUCT_NAME = "$(TARGET_NAME)";
				SWIFT_VERSION = 5.0;
				TARGETED_DEVICE_FAMILY = "1,2";
				TEST_HOST = "$(BUILT_PRODUCTS_DIR)/route-runner.app/route-runner";
			};
			name = Debug;
		};
		7C8CE5EB256C489500D13B24 /* Release */ = {
			isa = XCBuildConfiguration;
			buildSettings = {
				ALWAYS_EMBED_SWIFT_STANDARD_LIBRARIES = YES;
				BUNDLE_LOADER = "$(TEST_HOST)";
				CODE_SIGN_STYLE = Automatic;
				DEVELOPMENT_TEAM = 5VLQKGQ78S;
				INFOPLIST_FILE = "route-runnerTests/Info.plist";
				IPHONEOS_DEPLOYMENT_TARGET = 14.2;
				LD_RUNPATH_SEARCH_PATHS = (
					"$(inherited)",
					"@executable_path/Frameworks",
					"@loader_path/Frameworks",
				);
				PRODUCT_BUNDLE_IDENTIFIER = "com.cameronriu.route-runnerTests";
				PRODUCT_NAME = "$(TARGET_NAME)";
				SWIFT_VERSION = 5.0;
				TARGETED_DEVICE_FAMILY = "1,2";
				TEST_HOST = "$(BUILT_PRODUCTS_DIR)/route-runner.app/route-runner";
			};
			name = Release;
		};
		7C8CE5ED256C489500D13B24 /* Debug */ = {
			isa = XCBuildConfiguration;
			buildSettings = {
				ALWAYS_EMBED_SWIFT_STANDARD_LIBRARIES = YES;
				CODE_SIGN_STYLE = Automatic;
				DEVELOPMENT_TEAM = 5VLQKGQ78S;
				INFOPLIST_FILE = "route-runnerUITests/Info.plist";
				LD_RUNPATH_SEARCH_PATHS = (
					"$(inherited)",
					"@executable_path/Frameworks",
					"@loader_path/Frameworks",
				);
				PRODUCT_BUNDLE_IDENTIFIER = "com.cameronriu.route-runnerUITests";
				PRODUCT_NAME = "$(TARGET_NAME)";
				SWIFT_VERSION = 5.0;
				TARGETED_DEVICE_FAMILY = "1,2";
				TEST_TARGET_NAME = "route-runner";
			};
			name = Debug;
		};
		7C8CE5EE256C489500D13B24 /* Release */ = {
			isa = XCBuildConfiguration;
			buildSettings = {
				ALWAYS_EMBED_SWIFT_STANDARD_LIBRARIES = YES;
				CODE_SIGN_STYLE = Automatic;
				DEVELOPMENT_TEAM = 5VLQKGQ78S;
				INFOPLIST_FILE = "route-runnerUITests/Info.plist";
				LD_RUNPATH_SEARCH_PATHS = (
					"$(inherited)",
					"@executable_path/Frameworks",
					"@loader_path/Frameworks",
				);
				PRODUCT_BUNDLE_IDENTIFIER = "com.cameronriu.route-runnerUITests";
				PRODUCT_NAME = "$(TARGET_NAME)";
				SWIFT_VERSION = 5.0;
				TARGETED_DEVICE_FAMILY = "1,2";
				TEST_TARGET_NAME = "route-runner";
			};
			name = Release;
		};
/* End XCBuildConfiguration section */

/* Begin XCConfigurationList section */
		7C8CE5B7256C489400D13B24 /* Build configuration list for PBXProject "route-runner" */ = {
			isa = XCConfigurationList;
			buildConfigurations = (
				7C8CE5E4256C489500D13B24 /* Debug */,
				7C8CE5E5256C489500D13B24 /* Release */,
			);
			defaultConfigurationIsVisible = 0;
			defaultConfigurationName = Release;
		};
		7C8CE5E6256C489500D13B24 /* Build configuration list for PBXNativeTarget "route-runner" */ = {
			isa = XCConfigurationList;
			buildConfigurations = (
				7C8CE5E7256C489500D13B24 /* Debug */,
				7C8CE5E8256C489500D13B24 /* Release */,
			);
			defaultConfigurationIsVisible = 0;
			defaultConfigurationName = Release;
		};
		7C8CE5E9256C489500D13B24 /* Build configuration list for PBXNativeTarget "route-runnerTests" */ = {
			isa = XCConfigurationList;
			buildConfigurations = (
				7C8CE5EA256C489500D13B24 /* Debug */,
				7C8CE5EB256C489500D13B24 /* Release */,
			);
			defaultConfigurationIsVisible = 0;
			defaultConfigurationName = Release;
		};
		7C8CE5EC256C489500D13B24 /* Build configuration list for PBXNativeTarget "route-runnerUITests" */ = {
			isa = XCConfigurationList;
			buildConfigurations = (
				7C8CE5ED256C489500D13B24 /* Debug */,
				7C8CE5EE256C489500D13B24 /* Release */,
			);
			defaultConfigurationIsVisible = 0;
			defaultConfigurationName = Release;
		};
/* End XCConfigurationList section */
	};
	rootObject = 7C8CE5B4256C489400D13B24 /* Project object */;
}
